
Microsoft Visual Studio Solution File, Format Version 12.00
# Visual Studio 15
VisualStudioVersion = 15.0.28307.1082
MinimumVisualStudioVersion = 10.0.40219.1
Project("{FAE04EC0-301F-11D3-BF4B-00C04F79EFBC}") = "SQLNA", "SQLNA\SQLNA.csproj", "{48B8D215-CC73-4371-BD11-81D19EFC62D2}"
EndProject
Global
	GlobalSection(SolutionConfigurationPlatforms) = preSolution
		Debug|Any CPU = Debug|Any CPU
		Release|Any CPU = Release|Any CPU
	EndGlobalSection
	GlobalSection(ProjectConfigurationPlatforms) = postSolution
		{48B8D215-CC73-4371-BD11-81D19EFC62D2}.Debug|Any CPU.ActiveCfg = Debug|Any CPU
		{48B8D215-CC73-4371-BD11-81D19EFC62D2}.Debug|Any CPU.Build.0 = Debug|Any CPU
		{48B8D215-CC73-4371-BD11-81D19EFC62D2}.Release|Any CPU.ActiveCfg = Debug|Any CPU
		{48B8D215-CC73-4371-BD11-81D19EFC62D2}.Release|Any CPU.Build.0 = Debug|Any CPU
	EndGlobalSection
	GlobalSection(SolutionProperties) = preSolution
		HideSolutionNode = FALSE
	EndGlobalSection
	GlobalSection(ExtensibilityGlobals) = postSolution
		SolutionGuid = {6A1EE587-6FAD-4148-9716-5088B146513B}
	EndGlobalSection
EndGlobal
