
Microsoft Visual Studio Solution File, Format Version 12.00
# Visual Studio 15
VisualStudioVersion = 15.0.28307.1705
MinimumVisualStudioVersion = 10.0.40219.1
Project("{FAE04EC0-301F-11D3-BF4B-00C04F79EFBC}") = "DBTest", "DBTest\DBTest.csproj", "{46AAB02A-0084-4452-9EA7-50E8FA079C37}"
EndProject
Global
	GlobalSection(SolutionConfigurationPlatforms) = preSolution
		Debug|Any CPU = Debug|Any CPU
		Release|Any CPU = Release|Any CPU
	EndGlobalSection
	GlobalSection(ProjectConfigurationPlatforms) = postSolution
		{46AAB02A-0084-4452-9EA7-50E8FA079C37}.Debug|Any CPU.ActiveCfg = Debug|Any CPU
		{46AAB02A-0084-4452-9EA7-50E8FA079C37}.Debug|Any CPU.Build.0 = Debug|Any CPU
		{46AAB02A-0084-4452-9EA7-50E8FA079C37}.Release|Any CPU.ActiveCfg = Release|Any CPU
		{46AAB02A-0084-4452-9EA7-50E8FA079C37}.Release|Any CPU.Build.0 = Release|Any CPU
	EndGlobalSection
	GlobalSection(SolutionProperties) = preSolution
		HideSolutionNode = FALSE
	EndGlobalSection
	GlobalSection(ExtensibilityGlobals) = postSolution
		SolutionGuid = {6C918F74-C96F-47EA-9A70-26BE5D792612}
	EndGlobalSection
EndGlobal
