<?xml version="1.0" encoding="utf-8"?>
<Project ToolsVersion="4.0" xmlns="http://schemas.microsoft.com/developer/msbuild/2003">
  <ItemGroup>
    <Filter Include="Source Files">
      <UniqueIdentifier>{4c2362b7-246e-406b-aab5-c02824d51b4e}</UniqueIdentifier>
      <Extensions>cpp;c;cxx;rc;def;r;odl;idl;hpj;bat</Extensions>
    </Filter>
    <Filter Include="Header Files">
      <UniqueIdentifier>{a03b6e7e-70cd-4367-bb85-1baeec39980e}</UniqueIdentifier>
      <Extensions>h;hpp;hxx;hm;inl</Extensions>
    </Filter>
    <Filter Include="Resource Files">
      <UniqueIdentifier>{206cc06f-6a7b-43b9-97f7-e3fc36335465}</UniqueIdentifier>
      <Extensions>ico;cur;bmp;dlg;rc2;rct;bin;rgs;gif;jpg;jpeg;jpe</Extensions>
    </Filter>
  </ItemGroup>
  <ItemGroup>
    <ClCompile Include="Dbnetlib.cpp">
      <Filter>Source Files</Filter>
    </ClCompile>
    <ClCompile Include="DetourFunctions.cpp">
      <Filter>Source Files</Filter>
    </ClCompile>
    <ClCompile Include="DynamicADSI.cpp">
      <Filter>Source Files</Filter>
    </ClCompile>
    <ClCompile Include="DynamicDCInfo.cpp">
      <Filter>Source Files</Filter>
    </ClCompile>
    <ClCompile Include="DynamicLSA.cpp">
      <Filter>Source Files</Filter>
    </ClCompile>
    <ClCompile Include="FileInfo.cpp">
      <Filter>Source Files</Filter>
    </ClCompile>
    <ClCompile Include="SSPIClient.cpp">
      <Filter>Source Files</Filter>
    </ClCompile>
    <ClCompile Include="SSPIClientDlg.cpp">
      <Filter>Source Files</Filter>
    </ClCompile>
    <ClCompile Include="StdAfx.cpp">
      <Filter>Source Files</Filter>
    </ClCompile>
  </ItemGroup>
  <ItemGroup>
    <ResourceCompile Include="SSPIClient.rc">
      <Filter>Source Files</Filter>
    </ResourceCompile>
  </ItemGroup>
  <ItemGroup>
    <ClInclude Include="Dbnetlib.h">
      <Filter>Header Files</Filter>
    </ClInclude>
    <ClInclude Include="DetourFunctions.h">
      <Filter>Header Files</Filter>
    </ClInclude>
    <ClInclude Include="DynamicADSI.h">
      <Filter>Header Files</Filter>
    </ClInclude>
    <ClInclude Include="DynamicDCInfo.h">
      <Filter>Header Files</Filter>
    </ClInclude>
    <ClInclude Include="DynamicLSA.h">
      <Filter>Header Files</Filter>
    </ClInclude>
    <ClInclude Include="FileInfo.h">
      <Filter>Header Files</Filter>
    </ClInclude>
    <ClInclude Include="Resource.h">
      <Filter>Header Files</Filter>
    </ClInclude>
    <ClInclude Include="SSPIClient.h">
      <Filter>Header Files</Filter>
    </ClInclude>
    <ClInclude Include="SSPIClientDlg.h">
      <Filter>Header Files</Filter>
    </ClInclude>
    <ClInclude Include="SSPIErrors.h">
      <Filter>Header Files</Filter>
    </ClInclude>
    <ClInclude Include="StdAfx.h">
      <Filter>Header Files</Filter>
    </ClInclude>
  </ItemGroup>
  <ItemGroup>
    <Image Include="res\SSPIClient.ico">
      <Filter>Resource Files</Filter>
    </Image>
  </ItemGroup>
  <ItemGroup>
    <None Include="res\SSPIClient.rc2">
      <Filter>Resource Files</Filter>
    </None>
  </ItemGroup>
</Project>